
Microsoft Visual Studio Solution File, Format Version 12.00
# Visual Studio 15
VisualStudioVersion = 15.0.28307.1622
MinimumVisualStudioVersion = 10.0.40219.1
Project("{FAE04EC0-301F-11D3-BF4B-00C04F79EFBC}") = "CsharpRestClientExample", "CsharpRestClientExample\CsharpRestClientExample.csproj", "{85D2A69E-9612-46A9-B97B-B8CCBAAAD852}"
EndProject
Global
	GlobalSection(SolutionConfigurationPlatforms) = preSolution
		Debug|Any CPU = Debug|Any CPU
		Release|Any CPU = Release|Any CPU
	EndGlobalSection
	GlobalSection(ProjectConfigurationPlatforms) = postSolution
		{85D2A69E-9612-46A9-B97B-B8CCBAAAD852}.Debug|Any CPU.ActiveCfg = Debug|Any CPU
		{85D2A69E-9612-46A9-B97B-B8CCBAAAD852}.Debug|Any CPU.Build.0 = Debug|Any CPU
		{85D2A69E-9612-46A9-B97B-B8CCBAAAD852}.Release|Any CPU.ActiveCfg = Release|Any CPU
		{85D2A69E-9612-46A9-B97B-B8CCBAAAD852}.Release|Any CPU.Build.0 = Release|Any CPU
	EndGlobalSection
	GlobalSection(SolutionProperties) = preSolution
		HideSolutionNode = FALSE
	EndGlobalSection
	GlobalSection(ExtensibilityGlobals) = postSolution
		SolutionGuid = {19909C7D-F8D6-476D-83ED-9F8AAE42FEE2}
	EndGlobalSection
EndGlobal
